
Microsoft Visual Studio Solution File, Format Version 12.00
# Visual Studio 15
VisualStudioVersion = 15.0.26228.4
MinimumVisualStudioVersion = 10.0.40219.1
Project("{FAE04EC0-301F-11D3-BF4B-00C04F79EFBC}") = "k子棋", "k子棋\k子棋.csproj", "{84DE3D88-178A-47F8-BA73-AC3C16B5B9DD}"
EndProject
Global
	GlobalSection(SolutionConfigurationPlatforms) = preSolution
		Debug|Any CPU = Debug|Any CPU
		Release|Any CPU = Release|Any CPU
	EndGlobalSection
	GlobalSection(ProjectConfigurationPlatforms) = postSolution
		{84DE3D88-178A-47F8-BA73-AC3C16B5B9DD}.Debug|Any CPU.ActiveCfg = Debug|Any CPU
		{84DE3D88-178A-47F8-BA73-AC3C16B5B9DD}.Debug|Any CPU.Build.0 = Debug|Any CPU
		{84DE3D88-178A-47F8-BA73-AC3C16B5B9DD}.Release|Any CPU.ActiveCfg = Release|Any CPU
		{84DE3D88-178A-47F8-BA73-AC3C16B5B9DD}.Release|Any CPU.Build.0 = Release|Any CPU
	EndGlobalSection
	GlobalSection(SolutionProperties) = preSolution
		HideSolutionNode = FALSE
	EndGlobalSection
EndGlobal
